{
  "nodes": {
    "awesome-copilot-skills": {
      "flake": false,
      "locked": {
        "lastModified": 1790653794,
        "narHash": "sha256-n79XVaLYE+dAW3Rsl0B9N1e6HpwWLwP3LydxkVJi9vs=",
        "owner": "github",
        "repo": "awesome-copilot",
        "rev": "997e95a6e42869c350f8ca6ec4c066287697c9f0",
        "type": "github"
      },
      "original": {
        "owner": "github",
        "repo": "awesome-copilot",
        "type": "github"
      }
    },
    "blender-mcp-skills": {
      "flake": false,
      "locked": {
        "lastModified": 1783853815,
        "narHash": "sha256-p+OZ97DcdM/qimXAz52egV/TE0g3MM1ZhhV+tXo2XNg=",
        "owner": "vinhelysia",
        "repo": "blender-mcp",
        "rev": "a23c7fc4ca0a62ee09f3ee1f0edc0cb11191ceb2",
        "type": "github"
      },
      "original": {
        "owner": "vinhelysia",
        "repo": "blender-mcp",
        "type": "github"
      }
    },
    "blender-reference-skills": {
      "flake": false,
      "locked": {
        "lastModified": 1782115229,
        "narHash": "sha256-mVMoEX3+wolXs6OxZ05cx/4AlTVpr781f5OOdQa45v0=",
        "owner": "LevyBytes",
        "repo": "AI-SKILL-blender",
        "rev": "59dda21f52824ddfb1a3fe07ad843fc0cdc23334",
        "type": "github"
      },
      "original": {
        "owner": "LevyBytes",
        "repo": "AI-SKILL-blender",
        "type": "github"
      }
    },
    "bun2nix": {
      "inputs": {
        "flake-parts": [
          "pi",
          "flake-parts"
        ],
        "nixpkgs": [
          "pi",
          "nixpkgs"
        ],
        "systems": "systems_2",
        "treefmt-nix": "treefmt-nix"
      },
      "locked": {
        "lastModified": 1778446047,
        "narHash": "sha256-oQvcadh2BCkrog+SGrG6YffKJrveYpjj3TdQJWaKhaM=",
        "owner": "nix-community",
        "repo": "bun2nix",
        "rev": "f2bc12af1a6369648aac41041ceeaa0b866599c6",
        "type": "github"
      },
      "original": {
        "owner": "nix-community",
        "ref": "2.1.0",
        "repo": "bun2nix",
        "type": "github"
      }
    },
    "bun2nix-x86_64-darwin": {
      "inputs": {
        "flake-parts": [
          "pi",
          "flake-parts"
        ],
        "nixpkgs": [
          "pi",
          "nixpkgs-x86_64-darwin"
        ],
        "systems": [
          "pi",
          "bun2nix",
          "systems"
        ],
        "treefmt-nix": "treefmt-nix_2"
      },
      "locked": {
        "lastModified": 1778446047,
        "narHash": "sha256-oQvcadh2BCkrog+SGrG6YffKJrveYpjj3TdQJWaKhaM=",
        "owner": "nix-community",
        "repo": "bun2nix",
        "rev": "f2bc12af1a6369648aac41041ceeaa0b866599c6",
        "type": "github"
      },
      "original": {
        "owner": "nix-community",
        "ref": "2.1.0",
        "repo": "bun2nix",
        "type": "github"
      }
    },
    "cc-blender-skills": {
      "flake": false,
      "locked": {
        "lastModified": 1777631671,
        "narHash": "sha256-A2BoLYMcIeF4Wq+HZOUZfPHhRKJV9yOIB0KYIOY1hV8=",
        "owner": "RobLe3",
        "repo": "cc-blender-skill",
        "rev": "11016c9a5847897491dde935c346571bd7548e3d",
        "type": "github"
      },
      "original": {
        "owner": "RobLe3",
        "repo": "cc-blender-skill",
        "type": "github"
      }
    },
    "codex-desktop-linux": {
      "inputs": {
        "flake-utils": "flake-utils",
        "nixpkgs": [
          "nixpkgs-unstable"
        ]
      },
      "locked": {
        "lastModified": 1790676236,
        "narHash": "sha256-Kz0SczV2U566td4JEINvZMUszlqtgjSVvx/F2RREeeA=",
        "owner": "ilysenko",
        "repo": "codex-desktop-linux",
        "rev": "1545938db09233638a32bbb7635d22eecafec386",
        "type": "github"
      },
      "original": {
        "owner": "ilysenko",
        "repo": "codex-desktop-linux",
        "type": "github"
      }
    },
    "flake-parts": {
      "inputs": {
        "nixpkgs-lib": "nixpkgs-lib"
      },
      "locked": {
        "lastModified": 1788450739,
        "narHash": "sha256-glZLQlzIn1fXH6PazR2iUmTo7kzzyYSshrWhLS9TqCU=",
        "owner": "hercules-ci",
        "repo": "flake-parts",
        "rev": "31729ca8cbdb4fa927b34e5f4353e6a83f39e993",
        "type": "github"
      },
      "original": {
        "owner": "hercules-ci",
        "repo": "flake-parts",
        "type": "github"
      }
    },
    "flake-parts_2": {
      "inputs": {
        "nixpkgs-lib": "nixpkgs-lib_2"
      },
      "locked": {
        "lastModified": 1788450739,
        "narHash": "sha256-glZLQlzIn1fXH6PazR2iUmTo7kzzyYSshrWhLS9TqCU=",
        "owner": "hercules-ci",
        "repo": "flake-parts",
        "rev": "31729ca8cbdb4fa927b34e5f4353e6a83f39e993",
        "type": "github"
      },
      "original": {
        "owner": "hercules-ci",
        "repo": "flake-parts",
        "type": "github"
      }
    },
    "flake-utils": {
      "inputs": {
        "systems": "systems"
      },
      "locked": {
        "lastModified": 1731533236,
        "narHash": "sha256-l0KFg5HjrsfsO/JpG+r7fRrqm12kzFHyUHqHCVpMMbI=",
        "owner": "numtide",
        "repo": "flake-utils",
        "rev": "11707dc2f618dd54ca8739b309ec4fc024de578b",
        "type": "github"
      },
      "original": {
        "owner": "numtide",
        "repo": "flake-utils",
        "type": "github"
      }
    },
    "home-manager": {
      "inputs": {
        "nixpkgs": [
          "nixpkgs"
        ]
      },
      "locked": {
        "lastModified": 1790215976,
        "narHash": "sha256-VkR1rMGyjU9jtw8ISFx5uqR9e+LEaOlhHwrseFkiIVk=",
        "owner": "nix-community",
        "repo": "home-manager",
        "rev": "a6631107a83ceab5872f298a2ea710859c80c4cb",
        "type": "github"
      },
      "original": {
        "owner": "nix-community",
        "ref": "release-26.05",
        "repo": "home-manager",
        "type": "github"
      }
    },
    "home-manager-unstable": {
      "inputs": {
        "nixpkgs": [
          "nixpkgs-unstable"
        ]
      },
      "locked": {
        "lastModified": 1790365885,
        "narHash": "sha256-iQ0ebhiVo64NktTnwft9hNxlFu4j5cvljVxyJaEVIP4=",
        "owner": "nix-community",
        "repo": "home-manager",
        "rev": "7b4c5ec4bedaf1e062bbc1bcaeddbc6bd242aa1b",
        "type": "github"
      },
      "original": {
        "owner": "nix-community",
        "ref": "master",
        "repo": "home-manager",
        "type": "github"
      }
    },
    "jail-nix": {
      "locked": {
        "lastModified": 1776230864,
        "narHash": "sha256-YsEjjdOsGEzTeD+iT7ONh071BqWAOQWpzYVei3okAXE=",
        "owner": "~alexdavid",
        "repo": "jail.nix",
        "rev": "404e7da9da5ab9aa643666682b2ba1312fa5fbe8",
        "type": "sourcehut"
      },
      "original": {
        "owner": "~alexdavid",
        "repo": "jail.nix",
        "type": "sourcehut"
      }
    },
    "matt-pocock-skills": {
      "flake": false,
      "locked": {
        "lastModified": 1786025105,
        "narHash": "sha256-I/EXHGW92nXz6JCLp8SKGgzXrbbUTkLAfxv8bc/ThwQ=",
        "owner": "mattpocock",
        "repo": "skills",
        "rev": "6acc160e4e0cd062dbbbd7a1b26ae92855edf07e",
        "type": "github"
      },
      "original": {
        "owner": "mattpocock",
        "ref": "v1.2.3",
        "repo": "skills",
        "type": "github"
      }
    },
    "nix-darwin": {
      "inputs": {
        "nixpkgs": [
          "nixpkgs-darwin"
        ]
      },
      "locked": {
        "lastModified": 1783744694,
        "narHash": "sha256-2cp6N3rrwnGYLTx9l6N+NI+kwrCWxvJUbj5WJhvB29A=",
        "owner": "nix-darwin",
        "repo": "nix-darwin",
        "rev": "c3e90c89649b07d1a96e4b9dd6cd0d6e44b91a74",
        "type": "github"
      },
      "original": {
        "owner": "nix-darwin",
        "ref": "nix-darwin-26.05",
        "repo": "nix-darwin",
        "type": "github"
      }
    },
    "nixos-hardware": {
      "inputs": {
        "nixpkgs": [
          "nixpkgs"
        ]
      },
      "locked": {
        "lastModified": 1790451979,
        "narHash": "sha256-XwFt1uLyaBCQU1/nUeGqeBnqNXPVgGRnz20YVYdmF6Y=",
        "owner": "NixOS",
        "repo": "nixos-hardware",
        "rev": "d55480c9ac195ecf0b9147592554134bfb4b37e3",
        "type": "github"
      },
      "original": {
        "owner": "NixOS",
        "repo": "nixos-hardware",
        "type": "github"
      }
    },
    "nixpkgs": {
      "locked": {
        "lastModified": 1790533781,
        "narHash": "sha256-F+b8u43BVF5DlM0pz7JQSbtbwKy5PrHIT5zQUekXsD0=",
        "owner": "nixos",
        "repo": "nixpkgs",
        "rev": "cf5e76507c6e23b59f7e0ffcc7baa2a39ddd8442",
        "type": "github"
      },
      "original": {
        "owner": "nixos",
        "ref": "nixos-26.05",
        "repo": "nixpkgs",
        "type": "github"
      }
    },
    "nixpkgs-darwin": {
      "locked": {
        "lastModified": 1790537679,
        "narHash": "sha256-9hAb5Jkjv5uV3C7IOsfdagIh6IXosWXsdfeJVaZ6P04=",
        "owner": "NixOS",
        "repo": "nixpkgs",
        "rev": "04f2338dd72b93278448fb3e3e5cd71af207edb9",
        "type": "github"
      },
      "original": {
        "owner": "NixOS",
        "ref": "nixpkgs-26.05-darwin",
        "repo": "nixpkgs",
        "type": "github"
      }
    },
    "nixpkgs-lib": {
      "locked": {
        "lastModified": 1788057806,
        "narHash": "sha256-DTQSMxzDWmT0zhguthvegnVkn7CFqGCv4IHCzk5ZUpM=",
        "owner": "nix-community",
        "repo": "nixpkgs.lib",
        "rev": "596e2e3940e09b2abbeb03f75fa1828c57fcd72c",
        "type": "github"
      },
      "original": {
        "owner": "nix-community",
        "repo": "nixpkgs.lib",
        "type": "github"
      }
    },
    "nixpkgs-lib_2": {
      "locked": {
        "lastModified": 1788057806,
        "narHash": "sha256-DTQSMxzDWmT0zhguthvegnVkn7CFqGCv4IHCzk5ZUpM=",
        "owner": "nix-community",
        "repo": "nixpkgs.lib",
        "rev": "596e2e3940e09b2abbeb03f75fa1828c57fcd72c",
        "type": "github"
      },
      "original": {
        "owner": "nix-community",
        "repo": "nixpkgs.lib",
        "type": "github"
      }
    },
    "nixpkgs-unstable": {
      "locked": {
        "lastModified": 1790578696,
        "narHash": "sha256-ZoxIApko70jCdbH3l20HWXOBaT2HZd87orzd2yJ9dVE=",
        "owner": "nixos",
        "repo": "nixpkgs",
        "rev": "7a0f122f5090cf4c2ade2a13a0e229d4e19ba71f",
        "type": "github"
      },
      "original": {
        "owner": "nixos",
        "ref": "nixos-unstable",
        "repo": "nixpkgs",
        "type": "github"
      }
    },
    "nixpkgs-x86_64-darwin": {
      "locked": {
        "lastModified": 1789155820,
        "narHash": "sha256-cTHZTeYRV42p62ss3ZEFnBXrW3WpLgDpYWYyat4V2b8=",
        "owner": "nixos",
        "repo": "nixpkgs",
        "rev": "8029b6c369415ee1ef02a86f352806348f104db9",
        "type": "github"
      },
      "original": {
        "owner": "nixos",
        "ref": "nixpkgs-26.05-darwin",
        "repo": "nixpkgs",
        "type": "github"
      }
    },
    "pi": {
      "inputs": {
        "bun2nix": "bun2nix",
        "bun2nix-x86_64-darwin": "bun2nix-x86_64-darwin",
        "flake-parts": "flake-parts_2",
        "jail-nix": "jail-nix",
        "nixpkgs": [
          "nixpkgs-unstable"
        ],
        "nixpkgs-x86_64-darwin": "nixpkgs-x86_64-darwin"
      },
      "locked": {
        "lastModified": 1790678676,
        "narHash": "sha256-O7lZ4pivUKf0uI3br9h29Dp5YhnsSuAoHIXKnkWAqx4=",
        "owner": "lukasl-dev",
        "repo": "pi.nix",
        "rev": "8334ce0f8f5e2c4c1f447bf32dfb14b8b25c4151",
        "type": "github"
      },
      "original": {
        "owner": "lukasl-dev",
        "repo": "pi.nix",
        "type": "github"
      }
    },
    "plasma-manager": {
      "inputs": {
        "home-manager": [
          "home-manager"
        ],
        "nixpkgs": [
          "nixpkgs"
        ]
      },
      "locked": {
        "lastModified": 1785762349,
        "narHash": "sha256-jZhZkzAwc7f3exzcTDJWP2WCAchCv0iNC3UF/QsahdQ=",
        "owner": "nix-community",
        "repo": "plasma-manager",
        "rev": "a19a2a029fa180911bd89c554dca1616e10f4c1d",
        "type": "github"
      },
      "original": {
        "owner": "nix-community",
        "repo": "plasma-manager",
        "type": "github"
      }
    },
    "polars-skills": {
      "flake": false,
      "locked": {
        "lastModified": 1787316388,
        "narHash": "sha256-9SfrNDDEL2lN3o3u7vA5ZWhOiAhwZJYPZVjqQIVPo2o=",
        "owner": "polars-inc",
        "repo": "skills",
        "rev": "70bec73cd09722411492dfd3613c73bb6df979b8",
        "type": "github"
      },
      "original": {
        "owner": "polars-inc",
        "ref": "v0.3.1",
        "repo": "skills",
        "type": "github"
      }
    },
    "ponytail-skills": {
      "flake": false,
      "locked": {
        "lastModified": 1789396413,
        "narHash": "sha256-PES5XrSYx0VBXWVHEDRykGy0SAmJfV/luzy8Gfg0aAQ=",
        "owner": "DietrichGebert",
        "repo": "ponytail",
        "rev": "1d95ff7d39de12d87014ea40d4e22201bddc501b",
        "type": "github"
      },
      "original": {
        "owner": "DietrichGebert",
        "ref": "v4.10.0",
        "repo": "ponytail",
        "type": "github"
      }
    },
    "pstack-skills": {
      "flake": false,
      "locked": {
        "lastModified": 1790607924,
        "narHash": "sha256-mQ6+lYLBYkmdOOsXXGR0wxPcHj35dLdb5sMaR/CvQ58=",
        "owner": "cursor",
        "repo": "plugins",
        "rev": "adf3218ca2f5b9971eedc07a76bef22df7701539",
        "type": "github"
      },
      "original": {
        "owner": "cursor",
        "repo": "plugins",
        "type": "github"
      }
    },
    "root": {
      "inputs": {
        "awesome-copilot-skills": "awesome-copilot-skills",
        "blender-mcp-skills": "blender-mcp-skills",
        "blender-reference-skills": "blender-reference-skills",
        "cc-blender-skills": "cc-blender-skills",
        "codex-desktop-linux": "codex-desktop-linux",
        "flake-parts": "flake-parts",
        "home-manager": "home-manager",
        "home-manager-unstable": "home-manager-unstable",
        "matt-pocock-skills": "matt-pocock-skills",
        "nix-darwin": "nix-darwin",
        "nixos-hardware": "nixos-hardware",
        "nixpkgs": "nixpkgs",
        "nixpkgs-darwin": "nixpkgs-darwin",
        "nixpkgs-unstable": "nixpkgs-unstable",
        "pi": "pi",
        "plasma-manager": "plasma-manager",
        "polars-skills": "polars-skills",
        "ponytail-skills": "ponytail-skills",
        "pstack-skills": "pstack-skills"
      }
    },
    "systems": {
      "locked": {
        "lastModified": 1681028828,
        "narHash": "sha256-Vy1rq5AaRuLzOxct8nz4T6wlgyUR7zLU309k9mBC768=",
        "owner": "nix-systems",
        "repo": "default",
        "rev": "da67096a3b9bf56a91d16901293e51ba5b49a27e",
        "type": "github"
      },
      "original": {
        "owner": "nix-systems",
        "repo": "default",
        "type": "github"
      }
    },
    "systems_2": {
      "locked": {
        "lastModified": 1681028828,
        "narHash": "sha256-Vy1rq5AaRuLzOxct8nz4T6wlgyUR7zLU309k9mBC768=",
        "owner": "nix-systems",
        "repo": "default",
        "rev": "da67096a3b9bf56a91d16901293e51ba5b49a27e",
        "type": "github"
      },
      "original": {
        "owner": "nix-systems",
        "repo": "default",
        "type": "github"
      }
    },
    "treefmt-nix": {
      "inputs": {
        "nixpkgs": [
          "pi",
          "bun2nix",
          "nixpkgs"
        ]
      },
      "locked": {
        "lastModified": 1775636079,
        "narHash": "sha256-pc20NRoMdiar8oPQceQT47UUZMBTiMdUuWrYu2obUP0=",
        "owner": "numtide",
        "repo": "treefmt-nix",
        "rev": "790751ff7fd3801feeaf96d7dc416a8d581265ba",
        "type": "github"
      },
      "original": {
        "owner": "numtide",
        "repo": "treefmt-nix",
        "type": "github"
      }
    },
    "treefmt-nix_2": {
      "inputs": {
        "nixpkgs": [
          "pi",
          "bun2nix-x86_64-darwin",
          "nixpkgs"
        ]
      },
      "locked": {
        "lastModified": 1775636079,
        "narHash": "sha256-pc20NRoMdiar8oPQceQT47UUZMBTiMdUuWrYu2obUP0=",
        "owner": "numtide",
        "repo": "treefmt-nix",
        "rev": "790751ff7fd3801feeaf96d7dc416a8d581265ba",
        "type": "github"
      },
      "original": {
        "owner": "numtide",
        "repo": "treefmt-nix",
        "type": "github"
      }
    }
  },
  "root": "root",
  "version": 7
}
