{
  "name": "@github/copilot",
  "version": "1.0.34",
  "lockfileVersion": 3,
  "requires": true,
  "packages": {
    "": {
      "name": "@github/copilot",
      "version": "1.0.34",
      "license": "SEE LICENSE IN LICENSE.md",
      "dependencies": {
        "@github/copilot-win32-x64": "1.0.39"
      },
      "bin": {
        "copilot": "npm-loader.js"
      },
      "optionalDependencies": {
        "@github/copilot-darwin-arm64": "1.0.39",
        "@github/copilot-darwin-x64": "1.0.34",
        "@github/copilot-linux-arm64": "1.0.34",
        "@github/copilot-linux-x64": "1.0.34",
        "@github/copilot-win32-arm64": "1.0.34",
        "@github/copilot-win32-x64": "1.0.39"
      }
    },
    "node_modules/@github/copilot-darwin-arm64": {
      "version": "1.0.39",
      "resolved": "https://registry.npmjs.org/@github/copilot-darwin-arm64/-/copilot-darwin-arm64-1.0.39.tgz",
      "integrity": "sha512-E8WfNL43NMzMTDDpCiYikaEmYCMAr6mz8LHrJtkaFuVXVkBr/q2NI3hAtwHFy8M11Fac/MeIe3/VEymWwwh3kw==",
      "cpu": [
        "arm64"
      ],
      "license": "SEE LICENSE IN LICENSE.md",
      "optional": true,
      "os": [
        "darwin"
      ],
      "bin": {
        "copilot-darwin-arm64": "copilot"
      }
    },
    "node_modules/@github/copilot-darwin-x64": {
      "version": "1.0.34",
      "resolved": "https://registry.npmjs.org/@github/copilot-darwin-x64/-/copilot-darwin-x64-1.0.34.tgz",
      "integrity": "sha512-tIgFEZV0ohCF/VgTODJWre3xURsvEd+6IPN/HPKWxG6AXtJOxzjlr5kLYYdPHdNlHNmSxGQw8fWsN2FZ4nyDdw==",
      "cpu": [
        "x64"
      ],
      "license": "SEE LICENSE IN LICENSE.md",
      "optional": true,
      "os": [
        "darwin"
      ],
      "bin": {
        "copilot-darwin-x64": "copilot"
      }
    },
    "node_modules/@github/copilot-linux-arm64": {
      "version": "1.0.34",
      "resolved": "https://registry.npmjs.org/@github/copilot-linux-arm64/-/copilot-linux-arm64-1.0.34.tgz",
      "integrity": "sha512-feqjEetrlqBUhYskIsPmwACQOWO99cvRpKwIFl3OlEjWoj+//HA7yXh49UIe0gD8wQUI8hy05uVz3K2/xti2nQ==",
      "cpu": [
        "arm64"
      ],
      "license": "SEE LICENSE IN LICENSE.md",
      "optional": true,
      "os": [
        "linux"
      ],
      "bin": {
        "copilot-linux-arm64": "copilot"
      }
    },
    "node_modules/@github/copilot-linux-x64": {
      "version": "1.0.34",
      "resolved": "https://registry.npmjs.org/@github/copilot-linux-x64/-/copilot-linux-x64-1.0.34.tgz",
      "integrity": "sha512-3l0rZZqmceklHizJaaO+Iy2PsAZpVZS9Mn9VYnVcY/8Yzt4Y2hmXSFcKVfc4l+JlhFsPs7trhMdIkfwkjaKPLg==",
      "cpu": [
        "x64"
      ],
      "license": "SEE LICENSE IN LICENSE.md",
      "optional": true,
      "os": [
        "linux"
      ],
      "bin": {
        "copilot-linux-x64": "copilot"
      }
    },
    "node_modules/@github/copilot-win32-arm64": {
      "version": "1.0.34",
      "resolved": "https://registry.npmjs.org/@github/copilot-win32-arm64/-/copilot-win32-arm64-1.0.34.tgz",
      "integrity": "sha512-06kEJO3iyohmAqF4iIbOxOfWLFSIpLDJ1L1oEHRtouMrH2Ll1wrUjsoQT1gXgBOv7rifl25qx/Avx5zKqvuORw==",
      "cpu": [
        "arm64"
      ],
      "license": "SEE LICENSE IN LICENSE.md",
      "optional": true,
      "os": [
        "win32"
      ],
      "bin": {
        "copilot-win32-arm64": "copilot.exe"
      }
    },
    "node_modules/@github/copilot-win32-x64": {
      "version": "1.0.39",
      "resolved": "https://registry.npmjs.org/@github/copilot-win32-x64/-/copilot-win32-x64-1.0.39.tgz",
      "integrity": "sha512-0ehlMtBiwKjmfEY3hVZggdn7qrmPMC8ueBQv/b+6UY3SMRS/M/1Y7xkOCwG84NvJsktdSsk3SlQnE2LbkTVpSA==",
      "cpu": [
        "x64"
      ],
      "license": "SEE LICENSE IN LICENSE.md",
      "optional": true,
      "os": [
        "win32"
      ],
      "bin": {
        "copilot-win32-x64": "copilot.exe"
      }
    }
  }
}
