{
  "name": "@github/copilot",
  "version": "1.0.69",
  "lockfileVersion": 3,
  "requires": true,
  "packages": {
    "": {
      "name": "@github/copilot",
      "version": "1.0.69",
      "license": "SEE LICENSE IN LICENSE.md",
      "dependencies": {
        "detect-libc": "^2.1.2"
      },
      "bin": {
        "copilot": "npm-loader.js"
      },
      "optionalDependencies": {
        "@github/copilot-darwin-arm64": "1.0.69",
        "@github/copilot-darwin-x64": "1.0.69",
        "@github/copilot-linux-arm64": "1.0.69",
        "@github/copilot-linux-x64": "1.0.69",
        "@github/copilot-linuxmusl-arm64": "1.0.69",
        "@github/copilot-linuxmusl-x64": "1.0.69",
        "@github/copilot-win32-arm64": "1.0.69",
        "@github/copilot-win32-x64": "1.0.69"
      }
    },
    "node_modules/@github/copilot-darwin-arm64": {
      "version": "1.0.69",
      "resolved": "https://registry.npmjs.org/@github/copilot-darwin-arm64/-/copilot-darwin-arm64-1.0.69.tgz",
      "integrity": "sha512-LpaVS2o21BbYTFUlkqdwUJXqE0l1Lp50Cb/EHru3z+5n5x7zNUU5IlPxdMg5gHMVw78clnMn2zSJbe5hYFyDDQ==",
      "cpu": [
        "arm64"
      ],
      "license": "SEE LICENSE IN LICENSE.md",
      "optional": true,
      "os": [
        "darwin"
      ],
      "bin": {
        "copilot-darwin-arm64": "copilot"
      }
    },
    "node_modules/@github/copilot-darwin-x64": {
      "version": "1.0.69",
      "resolved": "https://registry.npmjs.org/@github/copilot-darwin-x64/-/copilot-darwin-x64-1.0.69.tgz",
      "integrity": "sha512-QL5bsmnYqliBVIEE8RY91e6yAr39c2TNvJc/5IzoaKMlQ9MCrD9xakBJwd7LOS0SiOwRE4fqn8pUA4L1+UU5fg==",
      "cpu": [
        "x64"
      ],
      "license": "SEE LICENSE IN LICENSE.md",
      "optional": true,
      "os": [
        "darwin"
      ],
      "bin": {
        "copilot-darwin-x64": "copilot"
      }
    },
    "node_modules/@github/copilot-linux-arm64": {
      "version": "1.0.69",
      "resolved": "https://registry.npmjs.org/@github/copilot-linux-arm64/-/copilot-linux-arm64-1.0.69.tgz",
      "integrity": "sha512-SOibp0I6APLoY2KkccbNOISpbhE3lp41s9fM3eANqfdoHQLsgBopfk4ruBP8k/DzjQA6t4MrbV8v6dLixAqv3w==",
      "cpu": [
        "arm64"
      ],
      "libc": [
        "glibc"
      ],
      "license": "SEE LICENSE IN LICENSE.md",
      "optional": true,
      "os": [
        "linux"
      ],
      "bin": {
        "copilot-linux-arm64": "copilot"
      }
    },
    "node_modules/@github/copilot-linux-x64": {
      "version": "1.0.69",
      "resolved": "https://registry.npmjs.org/@github/copilot-linux-x64/-/copilot-linux-x64-1.0.69.tgz",
      "integrity": "sha512-URT7UaR3l1VAAtEpbKjybup2vxHTMSfDTVlu0jinu1O2nWxFOeQ9N4BQgRdcCB7wDu3N8Yz47o3fV1Gob6Z1Yw==",
      "cpu": [
        "x64"
      ],
      "libc": [
        "glibc"
      ],
      "license": "SEE LICENSE IN LICENSE.md",
      "optional": true,
      "os": [
        "linux"
      ],
      "bin": {
        "copilot-linux-x64": "copilot"
      }
    },
    "node_modules/@github/copilot-linuxmusl-arm64": {
      "version": "1.0.69",
      "resolved": "https://registry.npmjs.org/@github/copilot-linuxmusl-arm64/-/copilot-linuxmusl-arm64-1.0.69.tgz",
      "integrity": "sha512-Y6DY9RkyWV6l+S0cNz4d+AkUa38goNV5StQH3j8OoVrndK3+RgQeUjG1XpJ//PzXEXi4vQ0cZuc9XzFj/TY7tw==",
      "cpu": [
        "arm64"
      ],
      "libc": [
        "musl"
      ],
      "license": "SEE LICENSE IN LICENSE.md",
      "optional": true,
      "os": [
        "linux"
      ],
      "bin": {
        "copilot-linuxmusl-arm64": "copilot"
      }
    },
    "node_modules/@github/copilot-linuxmusl-x64": {
      "version": "1.0.69",
      "resolved": "https://registry.npmjs.org/@github/copilot-linuxmusl-x64/-/copilot-linuxmusl-x64-1.0.69.tgz",
      "integrity": "sha512-h0aNgUWRu70Tgp4/7Vdqa/4XKJi96wP32R1PoKeXkz1QNxb6i/IQxhoCjjS+xFon9e2kefKdF8pDrDtUJjsiBQ==",
      "cpu": [
        "x64"
      ],
      "libc": [
        "musl"
      ],
      "license": "SEE LICENSE IN LICENSE.md",
      "optional": true,
      "os": [
        "linux"
      ],
      "bin": {
        "copilot-linuxmusl-x64": "copilot"
      }
    },
    "node_modules/@github/copilot-win32-arm64": {
      "version": "1.0.69",
      "resolved": "https://registry.npmjs.org/@github/copilot-win32-arm64/-/copilot-win32-arm64-1.0.69.tgz",
      "integrity": "sha512-7DMoC1uwt01yZf48xq8MgKdnHacXabfsGsOizbgmrlZMfvQQofrF55x1Efu3BKsEKFGRl4fCLjJHJYCz/nWsHg==",
      "cpu": [
        "arm64"
      ],
      "license": "SEE LICENSE IN LICENSE.md",
      "optional": true,
      "os": [
        "win32"
      ],
      "bin": {
        "copilot-win32-arm64": "copilot.exe"
      }
    },
    "node_modules/@github/copilot-win32-x64": {
      "version": "1.0.69",
      "resolved": "https://registry.npmjs.org/@github/copilot-win32-x64/-/copilot-win32-x64-1.0.69.tgz",
      "integrity": "sha512-5uD1/k6oVzqRhiS9jLrySGa20HjItqUJsaMe+bV6eYT7zQPF/74xihEjxMm3/bJcATW2SesiYQxyNzTcKm3qRA==",
      "cpu": [
        "x64"
      ],
      "license": "SEE LICENSE IN LICENSE.md",
      "optional": true,
      "os": [
        "win32"
      ],
      "bin": {
        "copilot-win32-x64": "copilot.exe"
      }
    },
    "node_modules/detect-libc": {
      "version": "2.1.2",
      "resolved": "https://registry.npmjs.org/detect-libc/-/detect-libc-2.1.2.tgz",
      "integrity": "sha512-Btj2BOOO83o3WyH59e8MgXsxEQVcarkUOpEYrubB0urwnN10yQ364rsiByU11nZlqWYZm05i/of7io4mzihBtQ==",
      "license": "Apache-2.0",
      "engines": {
        "node": ">=8"
      }
    }
  }
}
