{
  "name": "@github/copilot",
  "version": "1.0.76",
  "lockfileVersion": 3,
  "requires": true,
  "packages": {
    "": {
      "name": "@github/copilot",
      "version": "1.0.76",
      "license": "SEE LICENSE IN LICENSE.md",
      "dependencies": {
        "detect-libc": "^2.1.2"
      },
      "bin": {
        "copilot": "npm-loader.js"
      },
      "optionalDependencies": {
        "@github/copilot-darwin-arm64": "1.0.76",
        "@github/copilot-darwin-x64": "1.0.76",
        "@github/copilot-linux-arm64": "1.0.76",
        "@github/copilot-linux-x64": "1.0.76",
        "@github/copilot-linuxmusl-arm64": "1.0.76",
        "@github/copilot-linuxmusl-x64": "1.0.76",
        "@github/copilot-win32-arm64": "1.0.76",
        "@github/copilot-win32-x64": "1.0.76"
      }
    },
    "node_modules/@github/copilot-darwin-arm64": {
      "version": "1.0.76",
      "resolved": "https://registry.npmjs.org/@github/copilot-darwin-arm64/-/copilot-darwin-arm64-1.0.76.tgz",
      "integrity": "sha512-A0Izj4xZRm4syCaHXcAdHXF1IDuwLGCQiDdriGhennvGbGck5Ku+cDbLEgoBGb6Eqk2VcToV0Aik5YQrAlfRlw==",
      "cpu": [
        "arm64"
      ],
      "license": "SEE LICENSE IN LICENSE.md",
      "optional": true,
      "os": [
        "darwin"
      ],
      "bin": {
        "copilot-darwin-arm64": "copilot"
      }
    },
    "node_modules/@github/copilot-darwin-x64": {
      "version": "1.0.76",
      "resolved": "https://registry.npmjs.org/@github/copilot-darwin-x64/-/copilot-darwin-x64-1.0.76.tgz",
      "integrity": "sha512-F/I+F6oLBvKoSjxgRLytjxyRk/e+Zi01dsE9KT95qg29ntdAM2MGplrpmmk08eQly7IyfJT2eZcfceOHZFPvUQ==",
      "cpu": [
        "x64"
      ],
      "license": "SEE LICENSE IN LICENSE.md",
      "optional": true,
      "os": [
        "darwin"
      ],
      "bin": {
        "copilot-darwin-x64": "copilot"
      }
    },
    "node_modules/@github/copilot-linux-arm64": {
      "version": "1.0.76",
      "resolved": "https://registry.npmjs.org/@github/copilot-linux-arm64/-/copilot-linux-arm64-1.0.76.tgz",
      "integrity": "sha512-gI0ZdgIcL5bMj3yM25GIlfw1pIIZAYwMux/gSb406OlAOcBlkssLgcioltZV1ifHe/344FsO+BhZ5zAS6tEn7g==",
      "cpu": [
        "arm64"
      ],
      "libc": [
        "glibc"
      ],
      "license": "SEE LICENSE IN LICENSE.md",
      "optional": true,
      "os": [
        "linux"
      ],
      "bin": {
        "copilot-linux-arm64": "copilot"
      }
    },
    "node_modules/@github/copilot-linux-x64": {
      "version": "1.0.76",
      "resolved": "https://registry.npmjs.org/@github/copilot-linux-x64/-/copilot-linux-x64-1.0.76.tgz",
      "integrity": "sha512-mZXoaiOW6SZD++YEonprGLsesxRFiUQme1K17Q7x7jycD4FMgexGFPOzF6KwfxnPBIPwQu/RXvz1VUPYY3n3DQ==",
      "cpu": [
        "x64"
      ],
      "libc": [
        "glibc"
      ],
      "license": "SEE LICENSE IN LICENSE.md",
      "optional": true,
      "os": [
        "linux"
      ],
      "bin": {
        "copilot-linux-x64": "copilot"
      }
    },
    "node_modules/@github/copilot-linuxmusl-arm64": {
      "version": "1.0.76",
      "resolved": "https://registry.npmjs.org/@github/copilot-linuxmusl-arm64/-/copilot-linuxmusl-arm64-1.0.76.tgz",
      "integrity": "sha512-6r9IsqQZfWvGOl5viz0nXLjHw4WMpITkkOv0odaIhENTWk28yVI/nXGLdI/FXKA0MLhcW2odNVc2yL3Z3igDWA==",
      "cpu": [
        "arm64"
      ],
      "libc": [
        "musl"
      ],
      "license": "SEE LICENSE IN LICENSE.md",
      "optional": true,
      "os": [
        "linux"
      ],
      "bin": {
        "copilot-linuxmusl-arm64": "copilot"
      }
    },
    "node_modules/@github/copilot-linuxmusl-x64": {
      "version": "1.0.76",
      "resolved": "https://registry.npmjs.org/@github/copilot-linuxmusl-x64/-/copilot-linuxmusl-x64-1.0.76.tgz",
      "integrity": "sha512-YHpphnuSRu/T0fYoFVIu6AeutmMWPiOqDo9Fk4WKtPOT4Sn69SZbI1LLlbnk0JzU4QhjpH0CWQyuHCc6yRDgAg==",
      "cpu": [
        "x64"
      ],
      "libc": [
        "musl"
      ],
      "license": "SEE LICENSE IN LICENSE.md",
      "optional": true,
      "os": [
        "linux"
      ],
      "bin": {
        "copilot-linuxmusl-x64": "copilot"
      }
    },
    "node_modules/@github/copilot-win32-arm64": {
      "version": "1.0.76",
      "resolved": "https://registry.npmjs.org/@github/copilot-win32-arm64/-/copilot-win32-arm64-1.0.76.tgz",
      "integrity": "sha512-c4FJP/7TV3qiGeSXFVC3dtNIC2D2awq6XSC1FTYkyBWVZSG8ZByWfweltUlB//iyzvHmVoHeUfu6r8E6utp1sQ==",
      "cpu": [
        "arm64"
      ],
      "license": "SEE LICENSE IN LICENSE.md",
      "optional": true,
      "os": [
        "win32"
      ],
      "bin": {
        "copilot-win32-arm64": "copilot.exe"
      }
    },
    "node_modules/@github/copilot-win32-x64": {
      "version": "1.0.76",
      "resolved": "https://registry.npmjs.org/@github/copilot-win32-x64/-/copilot-win32-x64-1.0.76.tgz",
      "integrity": "sha512-twVo1UnnIYx77NF9E7qYKWRuo6IX0UOEIT+8ZIF4FO/9uEoPRDUX+C5MLkHFufDROr/bW/dhVRbZocJ1Rwy7Ew==",
      "cpu": [
        "x64"
      ],
      "license": "SEE LICENSE IN LICENSE.md",
      "optional": true,
      "os": [
        "win32"
      ],
      "bin": {
        "copilot-win32-x64": "copilot.exe"
      }
    },
    "node_modules/detect-libc": {
      "version": "2.1.2",
      "resolved": "https://registry.npmjs.org/detect-libc/-/detect-libc-2.1.2.tgz",
      "integrity": "sha512-Btj2BOOO83o3WyH59e8MgXsxEQVcarkUOpEYrubB0urwnN10yQ364rsiByU11nZlqWYZm05i/of7io4mzihBtQ==",
      "license": "Apache-2.0",
      "engines": {
        "node": ">=8"
      }
    }
  }
}
